
Microsoft Visual Studio Solution File, Format Version 12.00
# Visual Studio Version 17
VisualStudioVersion = 17.8.34316.72
MinimumVisualStudioVersion = 10.0.40219.1
Project("{9A19103F-16F7-4668-BE54-9A1E7A4F7556}") = "Operators", "Operators\Operators.csproj", "{24A51585-FDFA-4B63-A61D-CE9D5B3B3993}"
EndProject
Project("{FAE04EC0-301F-11D3-BF4B-00C04F79EFBC}") = "SelectionStatements", "SelectionStatements\SelectionStatements.csproj", "{6974FBC1-CB7E-417B-8B80-BE6DA21E7E65}"
EndProject
Global
	GlobalSection(SolutionConfigurationPlatforms) = preSolution
		Debug|Any CPU = Debug|Any CPU
		Release|Any CPU = Release|Any CPU
	EndGlobalSection
	GlobalSection(ProjectConfigurationPlatforms) = postSolution
		{24A51585-FDFA-4B63-A61D-CE9D5B3B3993}.Debug|Any CPU.ActiveCfg = Debug|Any CPU
		{24A51585-FDFA-4B63-A61D-CE9D5B3B3993}.Debug|Any CPU.Build.0 = Debug|Any CPU
		{24A51585-FDFA-4B63-A61D-CE9D5B3B3993}.Release|Any CPU.ActiveCfg = Release|Any CPU
		{24A51585-FDFA-4B63-A61D-CE9D5B3B3993}.Release|Any CPU.Build.0 = Release|Any CPU
		{6974FBC1-CB7E-417B-8B80-BE6DA21E7E65}.Debug|Any CPU.ActiveCfg = Debug|Any CPU
		{6974FBC1-CB7E-417B-8B80-BE6DA21E7E65}.Debug|Any CPU.Build.0 = Debug|Any CPU
		{6974FBC1-CB7E-417B-8B80-BE6DA21E7E65}.Release|Any CPU.ActiveCfg = Release|Any CPU
		{6974FBC1-CB7E-417B-8B80-BE6DA21E7E65}.Release|Any CPU.Build.0 = Release|Any CPU
	EndGlobalSection
	GlobalSection(SolutionProperties) = preSolution
		HideSolutionNode = FALSE
	EndGlobalSection
	GlobalSection(ExtensibilityGlobals) = postSolution
		SolutionGuid = {7B68C8FF-FB0A-47B2-9858-E8AC6DD8E108}
	EndGlobalSection
EndGlobal
